
Microsoft Visual Studio Solution File, Format Version 12.00
# Visual Studio Version 16
VisualStudioVersion = 16.0.30128.36
MinimumVisualStudioVersion = 10.0.40219.1
Project("{9A19103F-16F7-4668-BE54-9A1E7A4F7556}") = "Xpandables.Net5", "Xpandables.Net5\Xpandables.Net5.csproj", "{6B0C8853-2679-4A97-8773-4E1B15B08CFC}"
EndProject
Project("{9A19103F-16F7-4668-BE54-9A1E7A4F7556}") = "Xpandables.Net5.DependencyInjection", "Xpandables.Net5.DependencyInjection\Xpandables.Net5.DependencyInjection.csproj", "{D618FD69-E82E-4E23-80D5-A69AC2B0B452}"
EndProject
Project("{9A19103F-16F7-4668-BE54-9A1E7A4F7556}") = "Xpandables.Net5.HttpRestClient", "Xpandables.Net5.HttpRestClient\Xpandables.Net5.HttpRestClient.csproj", "{42314DD4-3B24-46B4-A4B5-C63C769C23E3}"
EndProject
Project("{9A19103F-16F7-4668-BE54-9A1E7A4F7556}") = "Xpandables.Net5.ManagedExtensibility", "Xpandables.Net5.ManagedExtensibility\Xpandables.Net5.ManagedExtensibility.csproj", "{31451F32-9222-4420-A218-34873719684A}"
EndProject
Project("{9A19103F-16F7-4668-BE54-9A1E7A4F7556}") = "Xpandables.Net5.EntityFramework", "Xpandables.Net5.EntityFramework\Xpandables.Net5.EntityFramework.csproj", "{787AD5C3-D3E5-4C60-A430-6DC2A4096308}"
EndProject
Project("{9A19103F-16F7-4668-BE54-9A1E7A4F7556}") = "Xpandables.Net5.QrCodes", "Xpandables.Net5.QrCodes\Xpandables.Net5.QrCodes.csproj", "{06C6F432-BDB1-4464-A37B-FA1CA80A1F6E}"
EndProject
Project("{2150E333-8FDC-42A3-9474-1A3956D46DE8}") = "Samples", "Samples", "{9F34FE6E-CFC8-4EA3-A70B-2CC2A57157F4}"
EndProject
Project("{9A19103F-16F7-4668-BE54-9A1E7A4F7556}") = "Xpandables.Net5.AspNetCore", "Xpandables.Net5.AspNetCore\Xpandables.Net5.AspNetCore.csproj", "{9C07FFAF-B914-4C49-8D08-0C202B1397A2}"
EndProject
Project("{9A19103F-16F7-4668-BE54-9A1E7A4F7556}") = "Xpandables.Net5.Windows", "Xpandables.Net5.Windows\Xpandables.Net5.Windows.csproj", "{4A9CC8CC-0594-43D4-8248-8DFC782E0470}"
EndProject
Project("{9A19103F-16F7-4668-BE54-9A1E7A4F7556}") = "Xpandables.Samples.Domain", "Samples\Xpandables.Samples.Domain\Xpandables.Samples.Domain.csproj", "{5F2D93C0-8926-4340-8FF5-C7E7801D8049}"
EndProject
Project("{9A19103F-16F7-4668-BE54-9A1E7A4F7556}") = "Xpandables.Samples.Infrastructure", "Samples\Xpandables.Samples.Infrastructure\Xpandables.Samples.Infrastructure.csproj", "{1729226A-41B0-4859-B33F-266FCC2EF8A2}"
EndProject
Project("{9A19103F-16F7-4668-BE54-9A1E7A4F7556}") = "Xpandables.Samples.Business", "Samples\Xpandables.Samples.Application\Xpandables.Samples.Business.csproj", "{5F94A1F7-3BC7-410A-8F61-C36C2B80F419}"
EndProject
Project("{9A19103F-16F7-4668-BE54-9A1E7A4F7556}") = "Xpandables.Samples.Api", "Samples\Xpandables.Samples.Api\Xpandables.Samples.Api.csproj", "{B32AFC40-E9AD-4814-8314-A7D777596F5A}"
EndProject
Project("{9A19103F-16F7-4668-BE54-9A1E7A4F7556}") = "Xpandables.Samples.Desktop", "Samples\Xpandables.Samples.Desktop\Xpandables.Samples.Desktop.csproj", "{667F6A87-695E-4A2E-9C87-9481CF020488}"
EndProject
Project("{FAE04EC0-301F-11D3-BF4B-00C04F79EFBC}") = "Xpandables.Net5.Core", "Xpandables.Net5.Core\Xpandables.Net5.Core.csproj", "{81F5ED32-8036-4EF9-A28D-C51B7ADF9939}"
EndProject
Global
	GlobalSection(SolutionConfigurationPlatforms) = preSolution
		Debug|Any CPU = Debug|Any CPU
		Debug|x64 = Debug|x64
		Release|Any CPU = Release|Any CPU
		Release|x64 = Release|x64
	EndGlobalSection
	GlobalSection(ProjectConfigurationPlatforms) = postSolution
		{6B0C8853-2679-4A97-8773-4E1B15B08CFC}.Debug|Any CPU.ActiveCfg = Debug|x64
		{6B0C8853-2679-4A97-8773-4E1B15B08CFC}.Debug|x64.ActiveCfg = Debug|x64
		{6B0C8853-2679-4A97-8773-4E1B15B08CFC}.Debug|x64.Build.0 = Debug|x64
		{6B0C8853-2679-4A97-8773-4E1B15B08CFC}.Release|Any CPU.ActiveCfg = Release|x64
		{6B0C8853-2679-4A97-8773-4E1B15B08CFC}.Release|x64.ActiveCfg = Release|x64
		{6B0C8853-2679-4A97-8773-4E1B15B08CFC}.Release|x64.Build.0 = Release|x64
		{D618FD69-E82E-4E23-80D5-A69AC2B0B452}.Debug|Any CPU.ActiveCfg = Debug|x64
		{D618FD69-E82E-4E23-80D5-A69AC2B0B452}.Debug|x64.ActiveCfg = Debug|x64
		{D618FD69-E82E-4E23-80D5-A69AC2B0B452}.Debug|x64.Build.0 = Debug|x64
		{D618FD69-E82E-4E23-80D5-A69AC2B0B452}.Release|Any CPU.ActiveCfg = Release|x64
		{D618FD69-E82E-4E23-80D5-A69AC2B0B452}.Release|x64.ActiveCfg = Release|x64
		{D618FD69-E82E-4E23-80D5-A69AC2B0B452}.Release|x64.Build.0 = Release|x64
		{42314DD4-3B24-46B4-A4B5-C63C769C23E3}.Debug|Any CPU.ActiveCfg = Debug|x64
		{42314DD4-3B24-46B4-A4B5-C63C769C23E3}.Debug|x64.ActiveCfg = Debug|x64
		{42314DD4-3B24-46B4-A4B5-C63C769C23E3}.Debug|x64.Build.0 = Debug|x64
		{42314DD4-3B24-46B4-A4B5-C63C769C23E3}.Release|Any CPU.ActiveCfg = Release|x64
		{42314DD4-3B24-46B4-A4B5-C63C769C23E3}.Release|x64.ActiveCfg = Release|x64
		{42314DD4-3B24-46B4-A4B5-C63C769C23E3}.Release|x64.Build.0 = Release|x64
		{31451F32-9222-4420-A218-34873719684A}.Debug|Any CPU.ActiveCfg = Debug|x64
		{31451F32-9222-4420-A218-34873719684A}.Debug|x64.ActiveCfg = Debug|x64
		{31451F32-9222-4420-A218-34873719684A}.Debug|x64.Build.0 = Debug|x64
		{31451F32-9222-4420-A218-34873719684A}.Release|Any CPU.ActiveCfg = Release|x64
		{31451F32-9222-4420-A218-34873719684A}.Release|x64.ActiveCfg = Release|x64
		{31451F32-9222-4420-A218-34873719684A}.Release|x64.Build.0 = Release|x64
		{787AD5C3-D3E5-4C60-A430-6DC2A4096308}.Debug|Any CPU.ActiveCfg = Debug|x64
		{787AD5C3-D3E5-4C60-A430-6DC2A4096308}.Debug|x64.ActiveCfg = Debug|x64
		{787AD5C3-D3E5-4C60-A430-6DC2A4096308}.Debug|x64.Build.0 = Debug|x64
		{787AD5C3-D3E5-4C60-A430-6DC2A4096308}.Release|Any CPU.ActiveCfg = Release|x64
		{787AD5C3-D3E5-4C60-A430-6DC2A4096308}.Release|x64.ActiveCfg = Release|x64
		{787AD5C3-D3E5-4C60-A430-6DC2A4096308}.Release|x64.Build.0 = Release|x64
		{06C6F432-BDB1-4464-A37B-FA1CA80A1F6E}.Debug|Any CPU.ActiveCfg = Debug|x64
		{06C6F432-BDB1-4464-A37B-FA1CA80A1F6E}.Debug|x64.ActiveCfg = Debug|x64
		{06C6F432-BDB1-4464-A37B-FA1CA80A1F6E}.Debug|x64.Build.0 = Debug|x64
		{06C6F432-BDB1-4464-A37B-FA1CA80A1F6E}.Release|Any CPU.ActiveCfg = Release|x64
		{06C6F432-BDB1-4464-A37B-FA1CA80A1F6E}.Release|x64.ActiveCfg = Release|x64
		{06C6F432-BDB1-4464-A37B-FA1CA80A1F6E}.Release|x64.Build.0 = Release|x64
		{9C07FFAF-B914-4C49-8D08-0C202B1397A2}.Debug|Any CPU.ActiveCfg = Debug|x64
		{9C07FFAF-B914-4C49-8D08-0C202B1397A2}.Debug|x64.ActiveCfg = Debug|x64
		{9C07FFAF-B914-4C49-8D08-0C202B1397A2}.Debug|x64.Build.0 = Debug|x64
		{9C07FFAF-B914-4C49-8D08-0C202B1397A2}.Release|Any CPU.ActiveCfg = Release|x64
		{9C07FFAF-B914-4C49-8D08-0C202B1397A2}.Release|x64.ActiveCfg = Release|x64
		{9C07FFAF-B914-4C49-8D08-0C202B1397A2}.Release|x64.Build.0 = Release|x64
		{4A9CC8CC-0594-43D4-8248-8DFC782E0470}.Debug|Any CPU.ActiveCfg = Debug|x64
		{4A9CC8CC-0594-43D4-8248-8DFC782E0470}.Debug|x64.ActiveCfg = Debug|x64
		{4A9CC8CC-0594-43D4-8248-8DFC782E0470}.Debug|x64.Build.0 = Debug|x64
		{4A9CC8CC-0594-43D4-8248-8DFC782E0470}.Release|Any CPU.ActiveCfg = Release|x64
		{4A9CC8CC-0594-43D4-8248-8DFC782E0470}.Release|x64.ActiveCfg = Release|x64
		{4A9CC8CC-0594-43D4-8248-8DFC782E0470}.Release|x64.Build.0 = Release|x64
		{5F2D93C0-8926-4340-8FF5-C7E7801D8049}.Debug|Any CPU.ActiveCfg = Debug|x64
		{5F2D93C0-8926-4340-8FF5-C7E7801D8049}.Debug|x64.ActiveCfg = Debug|x64
		{5F2D93C0-8926-4340-8FF5-C7E7801D8049}.Debug|x64.Build.0 = Debug|x64
		{5F2D93C0-8926-4340-8FF5-C7E7801D8049}.Release|Any CPU.ActiveCfg = Release|x64
		{5F2D93C0-8926-4340-8FF5-C7E7801D8049}.Release|x64.ActiveCfg = Release|x64
		{5F2D93C0-8926-4340-8FF5-C7E7801D8049}.Release|x64.Build.0 = Release|x64
		{1729226A-41B0-4859-B33F-266FCC2EF8A2}.Debug|Any CPU.ActiveCfg = Debug|x64
		{1729226A-41B0-4859-B33F-266FCC2EF8A2}.Debug|x64.ActiveCfg = Debug|x64
		{1729226A-41B0-4859-B33F-266FCC2EF8A2}.Debug|x64.Build.0 = Debug|x64
		{1729226A-41B0-4859-B33F-266FCC2EF8A2}.Release|Any CPU.ActiveCfg = Release|x64
		{1729226A-41B0-4859-B33F-266FCC2EF8A2}.Release|x64.ActiveCfg = Release|x64
		{1729226A-41B0-4859-B33F-266FCC2EF8A2}.Release|x64.Build.0 = Release|x64
		{5F94A1F7-3BC7-410A-8F61-C36C2B80F419}.Debug|Any CPU.ActiveCfg = Debug|x64
		{5F94A1F7-3BC7-410A-8F61-C36C2B80F419}.Debug|x64.ActiveCfg = Debug|x64
		{5F94A1F7-3BC7-410A-8F61-C36C2B80F419}.Debug|x64.Build.0 = Debug|x64
		{5F94A1F7-3BC7-410A-8F61-C36C2B80F419}.Release|Any CPU.ActiveCfg = Release|x64
		{5F94A1F7-3BC7-410A-8F61-C36C2B80F419}.Release|x64.ActiveCfg = Release|x64
		{5F94A1F7-3BC7-410A-8F61-C36C2B80F419}.Release|x64.Build.0 = Release|x64
		{B32AFC40-E9AD-4814-8314-A7D777596F5A}.Debug|Any CPU.ActiveCfg = Debug|x64
		{B32AFC40-E9AD-4814-8314-A7D777596F5A}.Debug|x64.ActiveCfg = Debug|x64
		{B32AFC40-E9AD-4814-8314-A7D777596F5A}.Debug|x64.Build.0 = Debug|x64
		{B32AFC40-E9AD-4814-8314-A7D777596F5A}.Release|Any CPU.ActiveCfg = Release|x64
		{B32AFC40-E9AD-4814-8314-A7D777596F5A}.Release|x64.ActiveCfg = Release|x64
		{B32AFC40-E9AD-4814-8314-A7D777596F5A}.Release|x64.Build.0 = Release|x64
		{667F6A87-695E-4A2E-9C87-9481CF020488}.Debug|Any CPU.ActiveCfg = Debug|x64
		{667F6A87-695E-4A2E-9C87-9481CF020488}.Debug|x64.ActiveCfg = Debug|x64
		{667F6A87-695E-4A2E-9C87-9481CF020488}.Debug|x64.Build.0 = Debug|x64
		{667F6A87-695E-4A2E-9C87-9481CF020488}.Release|Any CPU.ActiveCfg = Release|x64
		{667F6A87-695E-4A2E-9C87-9481CF020488}.Release|x64.ActiveCfg = Release|x64
		{667F6A87-695E-4A2E-9C87-9481CF020488}.Release|x64.Build.0 = Release|x64
		{81F5ED32-8036-4EF9-A28D-C51B7ADF9939}.Debug|Any CPU.ActiveCfg = Debug|x64
		{81F5ED32-8036-4EF9-A28D-C51B7ADF9939}.Debug|x64.ActiveCfg = Debug|x64
		{81F5ED32-8036-4EF9-A28D-C51B7ADF9939}.Debug|x64.Build.0 = Debug|x64
		{81F5ED32-8036-4EF9-A28D-C51B7ADF9939}.Release|Any CPU.ActiveCfg = Release|x64
		{81F5ED32-8036-4EF9-A28D-C51B7ADF9939}.Release|x64.ActiveCfg = Release|x64
		{81F5ED32-8036-4EF9-A28D-C51B7ADF9939}.Release|x64.Build.0 = Release|x64
	EndGlobalSection
	GlobalSection(SolutionProperties) = preSolution
		HideSolutionNode = FALSE
	EndGlobalSection
	GlobalSection(NestedProjects) = preSolution
		{5F2D93C0-8926-4340-8FF5-C7E7801D8049} = {9F34FE6E-CFC8-4EA3-A70B-2CC2A57157F4}
		{1729226A-41B0-4859-B33F-266FCC2EF8A2} = {9F34FE6E-CFC8-4EA3-A70B-2CC2A57157F4}
		{5F94A1F7-3BC7-410A-8F61-C36C2B80F419} = {9F34FE6E-CFC8-4EA3-A70B-2CC2A57157F4}
		{B32AFC40-E9AD-4814-8314-A7D777596F5A} = {9F34FE6E-CFC8-4EA3-A70B-2CC2A57157F4}
		{667F6A87-695E-4A2E-9C87-9481CF020488} = {9F34FE6E-CFC8-4EA3-A70B-2CC2A57157F4}
	EndGlobalSection
	GlobalSection(ExtensibilityGlobals) = postSolution
		SolutionGuid = {DCC3F35D-6D3F-4001-B46B-E264E1185A6E}
	EndGlobalSection
EndGlobal
