
Microsoft Visual Studio Solution File, Format Version 12.00
# Visual Studio Version 16
VisualStudioVersion = 16.0.30323.103
MinimumVisualStudioVersion = 10.0.40219.1
Project("{9A19103F-16F7-4668-BE54-9A1E7A4F7556}") = "Xpandables.Net", "Xpandables.Net\Xpandables.Net.csproj", "{F750226E-B0C4-4C2D-8B43-BDA4CAAEFC52}"
EndProject
Project("{9A19103F-16F7-4668-BE54-9A1E7A4F7556}") = "Xpandables.NetCore", "Xpandables.NetCore\Xpandables.NetCore.csproj", "{023B6831-0D75-4F74-8FDE-E9C244DE86AD}"
EndProject
Project("{9A19103F-16F7-4668-BE54-9A1E7A4F7556}") = "Xpandables.Net.Windows", "Xpandables.Net.Windows\Xpandables.Net.Windows.csproj", "{453827F9-17CD-490B-8CD9-7AE67C1EB21A}"
EndProject
Project("{9A19103F-16F7-4668-BE54-9A1E7A4F7556}") = "Xpandables.Net.DependencyInjection", "Xpandables.Net.DependencyInjection\Xpandables.Net.DependencyInjection.csproj", "{1FAA3842-7FF0-4D00-978C-1BECB64994D1}"
EndProject
Project("{9A19103F-16F7-4668-BE54-9A1E7A4F7556}") = "Xpandables.Net.EntityFramework", "Xpandables.Net.EntityFramework\Xpandables.Net.EntityFramework.csproj", "{4B83F394-55C9-45F6-8EBE-742D6F40869A}"
EndProject
Project("{9A19103F-16F7-4668-BE54-9A1E7A4F7556}") = "Xpandables.Net.QrCodes", "Xpandables.Net.QrCodes\Xpandables.Net.QrCodes.csproj", "{43E841CA-4BD7-427E-93B2-6DD919DF58F1}"
EndProject
Project("{2150E333-8FDC-42A3-9474-1A3956D46DE8}") = "Samples", "Samples", "{F19BDA64-6A4D-4C38-96FD-24E37E219BFF}"
EndProject
Project("{9A19103F-16F7-4668-BE54-9A1E7A4F7556}") = "Xpandables.Net.Desktop", "Samples\Xpandables.Net.Desktop\Xpandables.Net.Desktop.csproj", "{AF2DA2C2-F47E-4150-82C4-33D36E544FD8}"
EndProject
Project("{9A19103F-16F7-4668-BE54-9A1E7A4F7556}") = "Xpandables.Net.Api", "Samples\Xpandables.Net.Api\Xpandables.Net.Api.csproj", "{B5377C67-DCD2-41A4-9289-EE588D16B54F}"
EndProject
Project("{9A19103F-16F7-4668-BE54-9A1E7A4F7556}") = "Xpandables.Net.Api.Contracts", "Samples\Xpandables.Net.Api.Contracts\Xpandables.Net.Api.Contracts.csproj", "{E69E5DE9-90A5-45AB-BF75-A413192BEDAC}"
EndProject
Project("{9A19103F-16F7-4668-BE54-9A1E7A4F7556}") = "Xpandables.Net.Api.Models", "Samples\Xpandables.Net.Api.Models\Xpandables.Net.Api.Models.csproj", "{8AA61F4B-71BC-4769-BDEE-2D443805AAF0}"
EndProject
Global
	GlobalSection(SolutionConfigurationPlatforms) = preSolution
		Debug|Any CPU = Debug|Any CPU
		Debug|x64 = Debug|x64
		Release|Any CPU = Release|Any CPU
		Release|x64 = Release|x64
	EndGlobalSection
	GlobalSection(ProjectConfigurationPlatforms) = postSolution
		{F750226E-B0C4-4C2D-8B43-BDA4CAAEFC52}.Debug|Any CPU.ActiveCfg = Debug|x64
		{F750226E-B0C4-4C2D-8B43-BDA4CAAEFC52}.Debug|Any CPU.Build.0 = Debug|x64
		{F750226E-B0C4-4C2D-8B43-BDA4CAAEFC52}.Debug|x64.ActiveCfg = Debug|x64
		{F750226E-B0C4-4C2D-8B43-BDA4CAAEFC52}.Debug|x64.Build.0 = Debug|x64
		{F750226E-B0C4-4C2D-8B43-BDA4CAAEFC52}.Release|Any CPU.ActiveCfg = Release|x64
		{F750226E-B0C4-4C2D-8B43-BDA4CAAEFC52}.Release|x64.ActiveCfg = Release|x64
		{F750226E-B0C4-4C2D-8B43-BDA4CAAEFC52}.Release|x64.Build.0 = Release|x64
		{023B6831-0D75-4F74-8FDE-E9C244DE86AD}.Debug|Any CPU.ActiveCfg = Debug|x64
		{023B6831-0D75-4F74-8FDE-E9C244DE86AD}.Debug|x64.ActiveCfg = Debug|x64
		{023B6831-0D75-4F74-8FDE-E9C244DE86AD}.Debug|x64.Build.0 = Debug|x64
		{023B6831-0D75-4F74-8FDE-E9C244DE86AD}.Release|Any CPU.ActiveCfg = Release|x64
		{023B6831-0D75-4F74-8FDE-E9C244DE86AD}.Release|x64.ActiveCfg = Release|x64
		{023B6831-0D75-4F74-8FDE-E9C244DE86AD}.Release|x64.Build.0 = Release|x64
		{453827F9-17CD-490B-8CD9-7AE67C1EB21A}.Debug|Any CPU.ActiveCfg = Debug|x64
		{453827F9-17CD-490B-8CD9-7AE67C1EB21A}.Debug|x64.ActiveCfg = Debug|x64
		{453827F9-17CD-490B-8CD9-7AE67C1EB21A}.Debug|x64.Build.0 = Debug|x64
		{453827F9-17CD-490B-8CD9-7AE67C1EB21A}.Release|Any CPU.ActiveCfg = Release|x64
		{453827F9-17CD-490B-8CD9-7AE67C1EB21A}.Release|x64.ActiveCfg = Release|x64
		{453827F9-17CD-490B-8CD9-7AE67C1EB21A}.Release|x64.Build.0 = Release|x64
		{1FAA3842-7FF0-4D00-978C-1BECB64994D1}.Debug|Any CPU.ActiveCfg = Debug|x64
		{1FAA3842-7FF0-4D00-978C-1BECB64994D1}.Debug|x64.ActiveCfg = Debug|x64
		{1FAA3842-7FF0-4D00-978C-1BECB64994D1}.Debug|x64.Build.0 = Debug|x64
		{1FAA3842-7FF0-4D00-978C-1BECB64994D1}.Release|Any CPU.ActiveCfg = Release|x64
		{1FAA3842-7FF0-4D00-978C-1BECB64994D1}.Release|x64.ActiveCfg = Release|x64
		{1FAA3842-7FF0-4D00-978C-1BECB64994D1}.Release|x64.Build.0 = Release|x64
		{4B83F394-55C9-45F6-8EBE-742D6F40869A}.Debug|Any CPU.ActiveCfg = Debug|x64
		{4B83F394-55C9-45F6-8EBE-742D6F40869A}.Debug|x64.ActiveCfg = Debug|x64
		{4B83F394-55C9-45F6-8EBE-742D6F40869A}.Debug|x64.Build.0 = Debug|x64
		{4B83F394-55C9-45F6-8EBE-742D6F40869A}.Release|Any CPU.ActiveCfg = Release|x64
		{4B83F394-55C9-45F6-8EBE-742D6F40869A}.Release|x64.ActiveCfg = Release|x64
		{4B83F394-55C9-45F6-8EBE-742D6F40869A}.Release|x64.Build.0 = Release|x64
		{43E841CA-4BD7-427E-93B2-6DD919DF58F1}.Debug|Any CPU.ActiveCfg = Debug|Any CPU
		{43E841CA-4BD7-427E-93B2-6DD919DF58F1}.Debug|Any CPU.Build.0 = Debug|Any CPU
		{43E841CA-4BD7-427E-93B2-6DD919DF58F1}.Debug|x64.ActiveCfg = Debug|x64
		{43E841CA-4BD7-427E-93B2-6DD919DF58F1}.Debug|x64.Build.0 = Debug|x64
		{43E841CA-4BD7-427E-93B2-6DD919DF58F1}.Release|Any CPU.ActiveCfg = Release|Any CPU
		{43E841CA-4BD7-427E-93B2-6DD919DF58F1}.Release|Any CPU.Build.0 = Release|Any CPU
		{43E841CA-4BD7-427E-93B2-6DD919DF58F1}.Release|x64.ActiveCfg = Release|x64
		{43E841CA-4BD7-427E-93B2-6DD919DF58F1}.Release|x64.Build.0 = Release|x64
		{AF2DA2C2-F47E-4150-82C4-33D36E544FD8}.Debug|Any CPU.ActiveCfg = Debug|Any CPU
		{AF2DA2C2-F47E-4150-82C4-33D36E544FD8}.Debug|Any CPU.Build.0 = Debug|Any CPU
		{AF2DA2C2-F47E-4150-82C4-33D36E544FD8}.Debug|x64.ActiveCfg = Debug|x64
		{AF2DA2C2-F47E-4150-82C4-33D36E544FD8}.Debug|x64.Build.0 = Debug|x64
		{AF2DA2C2-F47E-4150-82C4-33D36E544FD8}.Release|Any CPU.ActiveCfg = Release|Any CPU
		{AF2DA2C2-F47E-4150-82C4-33D36E544FD8}.Release|Any CPU.Build.0 = Release|Any CPU
		{AF2DA2C2-F47E-4150-82C4-33D36E544FD8}.Release|x64.ActiveCfg = Release|x64
		{AF2DA2C2-F47E-4150-82C4-33D36E544FD8}.Release|x64.Build.0 = Release|x64
		{B5377C67-DCD2-41A4-9289-EE588D16B54F}.Debug|Any CPU.ActiveCfg = Debug|Any CPU
		{B5377C67-DCD2-41A4-9289-EE588D16B54F}.Debug|Any CPU.Build.0 = Debug|Any CPU
		{B5377C67-DCD2-41A4-9289-EE588D16B54F}.Debug|x64.ActiveCfg = Debug|x64
		{B5377C67-DCD2-41A4-9289-EE588D16B54F}.Debug|x64.Build.0 = Debug|x64
		{B5377C67-DCD2-41A4-9289-EE588D16B54F}.Release|Any CPU.ActiveCfg = Release|Any CPU
		{B5377C67-DCD2-41A4-9289-EE588D16B54F}.Release|Any CPU.Build.0 = Release|Any CPU
		{B5377C67-DCD2-41A4-9289-EE588D16B54F}.Release|x64.ActiveCfg = Release|x64
		{B5377C67-DCD2-41A4-9289-EE588D16B54F}.Release|x64.Build.0 = Release|x64
		{E69E5DE9-90A5-45AB-BF75-A413192BEDAC}.Debug|Any CPU.ActiveCfg = Debug|Any CPU
		{E69E5DE9-90A5-45AB-BF75-A413192BEDAC}.Debug|Any CPU.Build.0 = Debug|Any CPU
		{E69E5DE9-90A5-45AB-BF75-A413192BEDAC}.Debug|x64.ActiveCfg = Debug|x64
		{E69E5DE9-90A5-45AB-BF75-A413192BEDAC}.Debug|x64.Build.0 = Debug|x64
		{E69E5DE9-90A5-45AB-BF75-A413192BEDAC}.Release|Any CPU.ActiveCfg = Release|Any CPU
		{E69E5DE9-90A5-45AB-BF75-A413192BEDAC}.Release|Any CPU.Build.0 = Release|Any CPU
		{E69E5DE9-90A5-45AB-BF75-A413192BEDAC}.Release|x64.ActiveCfg = Release|x64
		{E69E5DE9-90A5-45AB-BF75-A413192BEDAC}.Release|x64.Build.0 = Release|x64
		{8AA61F4B-71BC-4769-BDEE-2D443805AAF0}.Debug|Any CPU.ActiveCfg = Debug|Any CPU
		{8AA61F4B-71BC-4769-BDEE-2D443805AAF0}.Debug|Any CPU.Build.0 = Debug|Any CPU
		{8AA61F4B-71BC-4769-BDEE-2D443805AAF0}.Debug|x64.ActiveCfg = Debug|x64
		{8AA61F4B-71BC-4769-BDEE-2D443805AAF0}.Debug|x64.Build.0 = Debug|x64
		{8AA61F4B-71BC-4769-BDEE-2D443805AAF0}.Release|Any CPU.ActiveCfg = Release|Any CPU
		{8AA61F4B-71BC-4769-BDEE-2D443805AAF0}.Release|Any CPU.Build.0 = Release|Any CPU
		{8AA61F4B-71BC-4769-BDEE-2D443805AAF0}.Release|x64.ActiveCfg = Release|x64
		{8AA61F4B-71BC-4769-BDEE-2D443805AAF0}.Release|x64.Build.0 = Release|x64
	EndGlobalSection
	GlobalSection(SolutionProperties) = preSolution
		HideSolutionNode = FALSE
	EndGlobalSection
	GlobalSection(NestedProjects) = preSolution
		{AF2DA2C2-F47E-4150-82C4-33D36E544FD8} = {F19BDA64-6A4D-4C38-96FD-24E37E219BFF}
		{B5377C67-DCD2-41A4-9289-EE588D16B54F} = {F19BDA64-6A4D-4C38-96FD-24E37E219BFF}
		{E69E5DE9-90A5-45AB-BF75-A413192BEDAC} = {F19BDA64-6A4D-4C38-96FD-24E37E219BFF}
		{8AA61F4B-71BC-4769-BDEE-2D443805AAF0} = {F19BDA64-6A4D-4C38-96FD-24E37E219BFF}
	EndGlobalSection
	GlobalSection(ExtensibilityGlobals) = postSolution
		SolutionGuid = {946F08A7-BB6F-4954-B369-EA86BFE7923E}
	EndGlobalSection
EndGlobal
