
Microsoft Visual Studio Solution File, Format Version 12.00
# Visual Studio Version 16
VisualStudioVersion = 16.0.30323.103
MinimumVisualStudioVersion = 10.0.40219.1
Project("{9A19103F-16F7-4668-BE54-9A1E7A4F7556}") = "Xpandables.Net", "Xpandables.Net\Xpandables.Net.csproj", "{F750226E-B0C4-4C2D-8B43-BDA4CAAEFC52}"
EndProject
Project("{9A19103F-16F7-4668-BE54-9A1E7A4F7556}") = "Xpandables.Net.DependencyInjection", "Xpandables.Net.DependencyInjection\Xpandables.Net.DependencyInjection.csproj", "{1FAA3842-7FF0-4D00-978C-1BECB64994D1}"
EndProject
Project("{9A19103F-16F7-4668-BE54-9A1E7A4F7556}") = "Xpandables.Net.EntityFramework", "Xpandables.Net.EntityFramework\Xpandables.Net.EntityFramework.csproj", "{4B83F394-55C9-45F6-8EBE-742D6F40869A}"
EndProject
Project("{2150E333-8FDC-42A3-9474-1A3956D46DE8}") = "Samples", "Samples", "{F19BDA64-6A4D-4C38-96FD-24E37E219BFF}"
EndProject
Project("{9A19103F-16F7-4668-BE54-9A1E7A4F7556}") = "Xpandables.Net.Api", "Samples\Xpandables.Net.Api\Xpandables.Net.Api.csproj", "{964E00B0-66E4-41F9-888B-15D39D59F3D2}"
EndProject
Project("{9A19103F-16F7-4668-BE54-9A1E7A4F7556}") = "Xpandables.Net.Tests", "Samples\Xpandables.Net.Tests\Xpandables.Net.Tests.csproj", "{3AA9A5A6-6D2D-4029-A2FD-83BA912C4A6E}"
EndProject
Project("{9A19103F-16F7-4668-BE54-9A1E7A4F7556}") = "Xpandables.Net.AspNetCore", "Xpandables.Net.AspNetCore\Xpandables.Net.AspNetCore.csproj", "{6907542F-D6AB-412A-9741-7EF1EBFEC7A3}"
EndProject
Project("{FAE04EC0-301F-11D3-BF4B-00C04F79EFBC}") = "Xpandables.Net.XBlazor", "Xpandables.Net.XBlazor\Xpandables.Net.XBlazor.csproj", "{91107337-9F92-4C19-B0E0-88D970F0FA88}"
EndProject
Global
	GlobalSection(SolutionConfigurationPlatforms) = preSolution
		Debug|Any CPU = Debug|Any CPU
		Debug|x64 = Debug|x64
		Release|Any CPU = Release|Any CPU
		Release|x64 = Release|x64
	EndGlobalSection
	GlobalSection(ProjectConfigurationPlatforms) = postSolution
		{F750226E-B0C4-4C2D-8B43-BDA4CAAEFC52}.Debug|Any CPU.ActiveCfg = Debug|Any CPU
		{F750226E-B0C4-4C2D-8B43-BDA4CAAEFC52}.Debug|Any CPU.Build.0 = Debug|Any CPU
		{F750226E-B0C4-4C2D-8B43-BDA4CAAEFC52}.Debug|x64.ActiveCfg = Debug|x64
		{F750226E-B0C4-4C2D-8B43-BDA4CAAEFC52}.Debug|x64.Build.0 = Debug|x64
		{F750226E-B0C4-4C2D-8B43-BDA4CAAEFC52}.Release|Any CPU.ActiveCfg = Release|Any CPU
		{F750226E-B0C4-4C2D-8B43-BDA4CAAEFC52}.Release|Any CPU.Build.0 = Release|Any CPU
		{F750226E-B0C4-4C2D-8B43-BDA4CAAEFC52}.Release|x64.ActiveCfg = Release|x64
		{F750226E-B0C4-4C2D-8B43-BDA4CAAEFC52}.Release|x64.Build.0 = Release|x64
		{1FAA3842-7FF0-4D00-978C-1BECB64994D1}.Debug|Any CPU.ActiveCfg = Debug|Any CPU
		{1FAA3842-7FF0-4D00-978C-1BECB64994D1}.Debug|Any CPU.Build.0 = Debug|Any CPU
		{1FAA3842-7FF0-4D00-978C-1BECB64994D1}.Debug|x64.ActiveCfg = Debug|x64
		{1FAA3842-7FF0-4D00-978C-1BECB64994D1}.Debug|x64.Build.0 = Debug|x64
		{1FAA3842-7FF0-4D00-978C-1BECB64994D1}.Release|Any CPU.ActiveCfg = Release|Any CPU
		{1FAA3842-7FF0-4D00-978C-1BECB64994D1}.Release|Any CPU.Build.0 = Release|Any CPU
		{1FAA3842-7FF0-4D00-978C-1BECB64994D1}.Release|x64.ActiveCfg = Release|x64
		{1FAA3842-7FF0-4D00-978C-1BECB64994D1}.Release|x64.Build.0 = Release|x64
		{4B83F394-55C9-45F6-8EBE-742D6F40869A}.Debug|Any CPU.ActiveCfg = Debug|Any CPU
		{4B83F394-55C9-45F6-8EBE-742D6F40869A}.Debug|Any CPU.Build.0 = Debug|Any CPU
		{4B83F394-55C9-45F6-8EBE-742D6F40869A}.Debug|x64.ActiveCfg = Debug|x64
		{4B83F394-55C9-45F6-8EBE-742D6F40869A}.Debug|x64.Build.0 = Debug|x64
		{4B83F394-55C9-45F6-8EBE-742D6F40869A}.Release|Any CPU.ActiveCfg = Release|Any CPU
		{4B83F394-55C9-45F6-8EBE-742D6F40869A}.Release|Any CPU.Build.0 = Release|Any CPU
		{4B83F394-55C9-45F6-8EBE-742D6F40869A}.Release|x64.ActiveCfg = Release|x64
		{4B83F394-55C9-45F6-8EBE-742D6F40869A}.Release|x64.Build.0 = Release|x64
		{964E00B0-66E4-41F9-888B-15D39D59F3D2}.Debug|Any CPU.ActiveCfg = Debug|x64
		{964E00B0-66E4-41F9-888B-15D39D59F3D2}.Debug|Any CPU.Build.0 = Debug|x64
		{964E00B0-66E4-41F9-888B-15D39D59F3D2}.Debug|x64.ActiveCfg = Debug|Any CPU
		{964E00B0-66E4-41F9-888B-15D39D59F3D2}.Debug|x64.Build.0 = Debug|Any CPU
		{964E00B0-66E4-41F9-888B-15D39D59F3D2}.Release|Any CPU.ActiveCfg = Release|x64
		{964E00B0-66E4-41F9-888B-15D39D59F3D2}.Release|Any CPU.Build.0 = Release|x64
		{964E00B0-66E4-41F9-888B-15D39D59F3D2}.Release|x64.ActiveCfg = Release|Any CPU
		{964E00B0-66E4-41F9-888B-15D39D59F3D2}.Release|x64.Build.0 = Release|Any CPU
		{3AA9A5A6-6D2D-4029-A2FD-83BA912C4A6E}.Debug|Any CPU.ActiveCfg = Debug|x64
		{3AA9A5A6-6D2D-4029-A2FD-83BA912C4A6E}.Debug|Any CPU.Build.0 = Debug|x64
		{3AA9A5A6-6D2D-4029-A2FD-83BA912C4A6E}.Debug|x64.ActiveCfg = Debug|Any CPU
		{3AA9A5A6-6D2D-4029-A2FD-83BA912C4A6E}.Debug|x64.Build.0 = Debug|Any CPU
		{3AA9A5A6-6D2D-4029-A2FD-83BA912C4A6E}.Release|Any CPU.ActiveCfg = Release|x64
		{3AA9A5A6-6D2D-4029-A2FD-83BA912C4A6E}.Release|Any CPU.Build.0 = Release|x64
		{3AA9A5A6-6D2D-4029-A2FD-83BA912C4A6E}.Release|x64.ActiveCfg = Release|Any CPU
		{3AA9A5A6-6D2D-4029-A2FD-83BA912C4A6E}.Release|x64.Build.0 = Release|Any CPU
		{6907542F-D6AB-412A-9741-7EF1EBFEC7A3}.Debug|Any CPU.ActiveCfg = Debug|Any CPU
		{6907542F-D6AB-412A-9741-7EF1EBFEC7A3}.Debug|Any CPU.Build.0 = Debug|Any CPU
		{6907542F-D6AB-412A-9741-7EF1EBFEC7A3}.Debug|x64.ActiveCfg = Debug|Any CPU
		{6907542F-D6AB-412A-9741-7EF1EBFEC7A3}.Debug|x64.Build.0 = Debug|Any CPU
		{6907542F-D6AB-412A-9741-7EF1EBFEC7A3}.Release|Any CPU.ActiveCfg = Release|Any CPU
		{6907542F-D6AB-412A-9741-7EF1EBFEC7A3}.Release|Any CPU.Build.0 = Release|Any CPU
		{6907542F-D6AB-412A-9741-7EF1EBFEC7A3}.Release|x64.ActiveCfg = Release|Any CPU
		{6907542F-D6AB-412A-9741-7EF1EBFEC7A3}.Release|x64.Build.0 = Release|Any CPU
		{91107337-9F92-4C19-B0E0-88D970F0FA88}.Debug|Any CPU.ActiveCfg = Debug|Any CPU
		{91107337-9F92-4C19-B0E0-88D970F0FA88}.Debug|Any CPU.Build.0 = Debug|Any CPU
		{91107337-9F92-4C19-B0E0-88D970F0FA88}.Debug|x64.ActiveCfg = Debug|Any CPU
		{91107337-9F92-4C19-B0E0-88D970F0FA88}.Debug|x64.Build.0 = Debug|Any CPU
		{91107337-9F92-4C19-B0E0-88D970F0FA88}.Release|Any CPU.ActiveCfg = Release|Any CPU
		{91107337-9F92-4C19-B0E0-88D970F0FA88}.Release|Any CPU.Build.0 = Release|Any CPU
		{91107337-9F92-4C19-B0E0-88D970F0FA88}.Release|x64.ActiveCfg = Release|Any CPU
		{91107337-9F92-4C19-B0E0-88D970F0FA88}.Release|x64.Build.0 = Release|Any CPU
	EndGlobalSection
	GlobalSection(SolutionProperties) = preSolution
		HideSolutionNode = FALSE
	EndGlobalSection
	GlobalSection(NestedProjects) = preSolution
		{964E00B0-66E4-41F9-888B-15D39D59F3D2} = {F19BDA64-6A4D-4C38-96FD-24E37E219BFF}
		{3AA9A5A6-6D2D-4029-A2FD-83BA912C4A6E} = {F19BDA64-6A4D-4C38-96FD-24E37E219BFF}
	EndGlobalSection
	GlobalSection(ExtensibilityGlobals) = postSolution
		SolutionGuid = {946F08A7-BB6F-4954-B369-EA86BFE7923E}
	EndGlobalSection
EndGlobal
